
Microsoft Visual Studio Solution File, Format Version 12.00
# Visual Studio Version 16
VisualStudioVersion = 16.0.32002.261
MinimumVisualStudioVersion = 10.0.40219.1
Project("{FAE04EC0-301F-11D3-BF4B-00C04F79EFBC}") = "palindromeMVC", "palindromeMVC\palindromeMVC.csproj", "{CCB63078-09D1-4D0E-9ECC-6BB44521936F}"
EndProject
Global
	GlobalSection(SolutionConfigurationPlatforms) = preSolution
		Debug|Any CPU = Debug|Any CPU
		Release|Any CPU = Release|Any CPU
	EndGlobalSection
	GlobalSection(ProjectConfigurationPlatforms) = postSolution
		{CCB63078-09D1-4D0E-9ECC-6BB44521936F}.Debug|Any CPU.ActiveCfg = Debug|Any CPU
		{CCB63078-09D1-4D0E-9ECC-6BB44521936F}.Debug|Any CPU.Build.0 = Debug|Any CPU
		{CCB63078-09D1-4D0E-9ECC-6BB44521936F}.Release|Any CPU.ActiveCfg = Release|Any CPU
		{CCB63078-09D1-4D0E-9ECC-6BB44521936F}.Release|Any CPU.Build.0 = Release|Any CPU
	EndGlobalSection
	GlobalSection(SolutionProperties) = preSolution
		HideSolutionNode = FALSE
	EndGlobalSection
	GlobalSection(ExtensibilityGlobals) = postSolution
		SolutionGuid = {548036F3-1620-44A4-9D2E-AD85A56EC766}
	EndGlobalSection
EndGlobal
